// !$*UTF8*$!
{
	archiveVersion = 1;
	classes = {
	};
	objectVersion = 47;
	objects = {

/* Begin PBXBuildFile section */
		8933C7851EB5B820000D00A4 /* CariocaMenu.swift in Sources */ = {isa = PBXBuildFile; fileRef = 8933C7841EB5B820000D00A4 /* CariocaMenu.swift */; };
		FA150C171FD8163B001D1D39 /* CariocaIcon.swift in Sources */ = {isa = PBXBuildFile; fileRef = FA150C161FD8163B001D1D39 /* CariocaIcon.swift */; };
		FA150C191FD8163B001D1D39 /* CariocaIcon.swift in Sources */ = {isa = PBXBuildFile; fileRef = FA150C161FD8163B001D1D39 /* CariocaIcon.swift */; };
		FA1C2A421FDC683E001326CD /* ASGradientView.swift in Sources */ = {isa = PBXBuildFile; fileRef = FA1C2A411FDC683E001326CD /* ASGradientView.swift */; };
		FA3F13FD1FDEC1BB004814EC /* CariocaMenuTests.swift in Sources */ = {isa = PBXBuildFile; fileRef = FA3F13FC1FDEC1BB004814EC /* CariocaMenuTests.swift */; };
		FA3F13FF1FDEC1BB004814EC /* CariocaMenu.framework in Frameworks */ = {isa = PBXBuildFile; fileRef = 52D6D97C1BEFF229002C0205 /* CariocaMenu.framework */; };
		FA3F14051FDEC1FA004814EC /* CariocaGestureManagerTests.swift in Sources */ = {isa = PBXBuildFile; fileRef = FAE31D841FCB1BC4002E793A /* CariocaGestureManagerTests.swift */; };
		FA3F14061FDEC1FA004814EC /* CariocaIndicatorViewTests.swift in Sources */ = {isa = PBXBuildFile; fileRef = FA89D5C21FDD3EB000404DE6 /* CariocaIndicatorViewTests.swift */; };
		FA3F14071FDEC207004814EC /* CariocaMenu.swift in Sources */ = {isa = PBXBuildFile; fileRef = 8933C7841EB5B820000D00A4 /* CariocaMenu.swift */; };
		FA3F14081FDEC207004814EC /* CariocaMenu+Enums.swift in Sources */ = {isa = PBXBuildFile; fileRef = FA9E9A631FC4B6C200C57175 /* CariocaMenu+Enums.swift */; };
		FA3F14091FDEC207004814EC /* CariocaMenu+Protocols.swift in Sources */ = {isa = PBXBuildFile; fileRef = FA9E9A5D1FC4AA4900C57175 /* CariocaMenu+Protocols.swift */; };
		FA3F140A1FDEC207004814EC /* CariocaMenu+Utils.swift in Sources */ = {isa = PBXBuildFile; fileRef = FA9E9A6B1FC4D2F700C57175 /* CariocaMenu+Utils.swift */; };
		FA3F140B1FDEC207004814EC /* CariocaMenuContainerView.swift in Sources */ = {isa = PBXBuildFile; fileRef = FA9E9A671FC4BDFA00C57175 /* CariocaMenuContainerView.swift */; };
		FA3F140C1FDEC207004814EC /* CariocaGestureManager.swift in Sources */ = {isa = PBXBuildFile; fileRef = FAC89F051FC5522900C988B6 /* CariocaGestureManager.swift */; };
		FA3F140D1FDEC207004814EC /* CariocaIcon.swift in Sources */ = {isa = PBXBuildFile; fileRef = FA150C161FD8163B001D1D39 /* CariocaIcon.swift */; };
		FA3F140E1FDEC207004814EC /* CariocaIndicatorView.swift in Sources */ = {isa = PBXBuildFile; fileRef = FAFF054A1FD170A2002FAB75 /* CariocaIndicatorView.swift */; };
		FA3F140F1FDEC207004814EC /* CariocaIndicatorConfiguration.swift in Sources */ = {isa = PBXBuildFile; fileRef = FA89D5C41FDD577900404DE6 /* CariocaIndicatorConfiguration.swift */; };
		FA3F14101FDEC207004814EC /* CariocaMenuItem.swift in Sources */ = {isa = PBXBuildFile; fileRef = FAC52FFB1FD1C06C007FE0AD /* CariocaMenuItem.swift */; };
		FA89D5C51FDD577900404DE6 /* CariocaIndicatorConfiguration.swift in Sources */ = {isa = PBXBuildFile; fileRef = FA89D5C41FDD577900404DE6 /* CariocaIndicatorConfiguration.swift */; };
		FA89D5C71FDD577900404DE6 /* CariocaIndicatorConfiguration.swift in Sources */ = {isa = PBXBuildFile; fileRef = FA89D5C41FDD577900404DE6 /* CariocaIndicatorConfiguration.swift */; };
		FA9E9A471FC4A38F00C57175 /* AppDelegate.swift in Sources */ = {isa = PBXBuildFile; fileRef = FA9E9A461FC4A38F00C57175 /* AppDelegate.swift */; };
		FA9E9A4C1FC4A38F00C57175 /* Main.storyboard in Resources */ = {isa = PBXBuildFile; fileRef = FA9E9A4A1FC4A38F00C57175 /* Main.storyboard */; };
		FA9E9A4E1FC4A38F00C57175 /* Assets.xcassets in Resources */ = {isa = PBXBuildFile; fileRef = FA9E9A4D1FC4A38F00C57175 /* Assets.xcassets */; };
		FA9E9A511FC4A38F00C57175 /* LaunchScreen.storyboard in Resources */ = {isa = PBXBuildFile; fileRef = FA9E9A4F1FC4A38F00C57175 /* LaunchScreen.storyboard */; };
		FA9E9A5A1FC4A6D700C57175 /* DemoViewController.swift in Sources */ = {isa = PBXBuildFile; fileRef = FA9E9A591FC4A6D700C57175 /* DemoViewController.swift */; };
		FA9E9A5C1FC4A6E100C57175 /* DemoMenuContentController.swift in Sources */ = {isa = PBXBuildFile; fileRef = FA9E9A5B1FC4A6E000C57175 /* DemoMenuContentController.swift */; };
		FA9E9A5E1FC4AA4900C57175 /* CariocaMenu+Protocols.swift in Sources */ = {isa = PBXBuildFile; fileRef = FA9E9A5D1FC4AA4900C57175 /* CariocaMenu+Protocols.swift */; };
		FA9E9A601FC4AA4900C57175 /* CariocaMenu+Protocols.swift in Sources */ = {isa = PBXBuildFile; fileRef = FA9E9A5D1FC4AA4900C57175 /* CariocaMenu+Protocols.swift */; };
		FA9E9A611FC4ACDB00C57175 /* CariocaMenu.swift in Sources */ = {isa = PBXBuildFile; fileRef = 8933C7841EB5B820000D00A4 /* CariocaMenu.swift */; };
		FA9E9A641FC4B6C200C57175 /* CariocaMenu+Enums.swift in Sources */ = {isa = PBXBuildFile; fileRef = FA9E9A631FC4B6C200C57175 /* CariocaMenu+Enums.swift */; };
		FA9E9A661FC4B6C200C57175 /* CariocaMenu+Enums.swift in Sources */ = {isa = PBXBuildFile; fileRef = FA9E9A631FC4B6C200C57175 /* CariocaMenu+Enums.swift */; };
		FA9E9A681FC4BDFA00C57175 /* CariocaMenuContainerView.swift in Sources */ = {isa = PBXBuildFile; fileRef = FA9E9A671FC4BDFA00C57175 /* CariocaMenuContainerView.swift */; };
		FA9E9A6A1FC4BDFA00C57175 /* CariocaMenuContainerView.swift in Sources */ = {isa = PBXBuildFile; fileRef = FA9E9A671FC4BDFA00C57175 /* CariocaMenuContainerView.swift */; };
		FA9E9A6C1FC4D2F700C57175 /* CariocaMenu+Utils.swift in Sources */ = {isa = PBXBuildFile; fileRef = FA9E9A6B1FC4D2F700C57175 /* CariocaMenu+Utils.swift */; };
		FA9E9A6E1FC4D2F700C57175 /* CariocaMenu+Utils.swift in Sources */ = {isa = PBXBuildFile; fileRef = FA9E9A6B1FC4D2F700C57175 /* CariocaMenu+Utils.swift */; };
		FAC52FFC1FD1C06C007FE0AD /* CariocaMenuItem.swift in Sources */ = {isa = PBXBuildFile; fileRef = FAC52FFB1FD1C06C007FE0AD /* CariocaMenuItem.swift */; };
		FAC52FFE1FD1C06C007FE0AD /* CariocaMenuItem.swift in Sources */ = {isa = PBXBuildFile; fileRef = FAC52FFB1FD1C06C007FE0AD /* CariocaMenuItem.swift */; };
		FAC89F061FC5522A00C988B6 /* CariocaGestureManager.swift in Sources */ = {isa = PBXBuildFile; fileRef = FAC89F051FC5522900C988B6 /* CariocaGestureManager.swift */; };
		FAC89F081FC5522A00C988B6 /* CariocaGestureManager.swift in Sources */ = {isa = PBXBuildFile; fileRef = FAC89F051FC5522900C988B6 /* CariocaGestureManager.swift */; };
		FAE376CD1FDC856200379953 /* CustomPolygonIndicator.swift in Sources */ = {isa = PBXBuildFile; fileRef = FAE376CC1FDC856200379953 /* CustomPolygonIndicator.swift */; };
		FAFF054B1FD170A2002FAB75 /* CariocaIndicatorView.swift in Sources */ = {isa = PBXBuildFile; fileRef = FAFF054A1FD170A2002FAB75 /* CariocaIndicatorView.swift */; };
		FAFF054C1FD176AF002FAB75 /* CariocaIndicatorView.swift in Sources */ = {isa = PBXBuildFile; fileRef = FAFF054A1FD170A2002FAB75 /* CariocaIndicatorView.swift */; };
/* End PBXBuildFile section */

/* Begin PBXContainerItemProxy section */
		FA3F14001FDEC1BB004814EC /* PBXContainerItemProxy */ = {
			isa = PBXContainerItemProxy;
			containerPortal = 52D6D9731BEFF229002C0205 /* Project object */;
			proxyType = 1;
			remoteGlobalIDString = 52D6D97B1BEFF229002C0205;
			remoteInfo = "CariocaMenu-iOS";
		};
/* End PBXContainerItemProxy section */

/* Begin PBXFileReference section */
		52D6D97C1BEFF229002C0205 /* CariocaMenu.framework */ = {isa = PBXFileReference; explicitFileType = wrapper.framework; includeInIndex = 0; path = CariocaMenu.framework; sourceTree = BUILT_PRODUCTS_DIR; };
		8933C7841EB5B820000D00A4 /* CariocaMenu.swift */ = {isa = PBXFileReference; fileEncoding = 4; lastKnownFileType = sourcecode.swift; path = CariocaMenu.swift; sourceTree = "<group>"; };
		AD2FAA261CD0B6D800659CF4 /* CariocaMenu.plist */ = {isa = PBXFileReference; fileEncoding = 4; lastKnownFileType = text.plist.xml; path = CariocaMenu.plist; sourceTree = "<group>"; };
		AD2FAA281CD0B6E100659CF4 /* CariocaMenuTests.plist */ = {isa = PBXFileReference; fileEncoding = 4; lastKnownFileType = text.plist.xml; path = CariocaMenuTests.plist; sourceTree = "<group>"; };
		FA150C161FD8163B001D1D39 /* CariocaIcon.swift */ = {isa = PBXFileReference; fileEncoding = 4; lastKnownFileType = sourcecode.swift; path = CariocaIcon.swift; sourceTree = "<group>"; };
		FA1C2A411FDC683E001326CD /* ASGradientView.swift */ = {isa = PBXFileReference; fileEncoding = 4; lastKnownFileType = sourcecode.swift; path = ASGradientView.swift; sourceTree = "<group>"; };
		FA3F13FA1FDEC1BB004814EC /* CariocaMenuTests.xctest */ = {isa = PBXFileReference; explicitFileType = wrapper.cfbundle; includeInIndex = 0; path = CariocaMenuTests.xctest; sourceTree = BUILT_PRODUCTS_DIR; };
		FA3F13FC1FDEC1BB004814EC /* CariocaMenuTests.swift */ = {isa = PBXFileReference; lastKnownFileType = sourcecode.swift; path = CariocaMenuTests.swift; sourceTree = "<group>"; };
		FA3F13FE1FDEC1BB004814EC /* Info.plist */ = {isa = PBXFileReference; lastKnownFileType = text.plist.xml; path = Info.plist; sourceTree = "<group>"; };
		FA89D5C21FDD3EB000404DE6 /* CariocaIndicatorViewTests.swift */ = {isa = PBXFileReference; fileEncoding = 4; lastKnownFileType = sourcecode.swift; path = CariocaIndicatorViewTests.swift; sourceTree = "<group>"; };
		FA89D5C41FDD577900404DE6 /* CariocaIndicatorConfiguration.swift */ = {isa = PBXFileReference; fileEncoding = 4; lastKnownFileType = sourcecode.swift; path = CariocaIndicatorConfiguration.swift; sourceTree = "<group>"; };
		FA9E9A441FC4A38F00C57175 /* CariocaMenuDemo.app */ = {isa = PBXFileReference; explicitFileType = wrapper.application; includeInIndex = 0; path = CariocaMenuDemo.app; sourceTree = BUILT_PRODUCTS_DIR; };
		FA9E9A461FC4A38F00C57175 /* AppDelegate.swift */ = {isa = PBXFileReference; lastKnownFileType = sourcecode.swift; path = AppDelegate.swift; sourceTree = "<group>"; };
		FA9E9A4B1FC4A38F00C57175 /* Base */ = {isa = PBXFileReference; lastKnownFileType = file.storyboard; name = Base; path = Base.lproj/Main.storyboard; sourceTree = "<group>"; };
		FA9E9A4D1FC4A38F00C57175 /* Assets.xcassets */ = {isa = PBXFileReference; lastKnownFileType = folder.assetcatalog; path = Assets.xcassets; sourceTree = "<group>"; };
		FA9E9A501FC4A38F00C57175 /* Base */ = {isa = PBXFileReference; lastKnownFileType = file.storyboard; name = Base; path = Base.lproj/LaunchScreen.storyboard; sourceTree = "<group>"; };
		FA9E9A521FC4A38F00C57175 /* Info.plist */ = {isa = PBXFileReference; lastKnownFileType = text.plist.xml; path = Info.plist; sourceTree = "<group>"; };
		FA9E9A591FC4A6D700C57175 /* DemoViewController.swift */ = {isa = PBXFileReference; fileEncoding = 4; lastKnownFileType = sourcecode.swift; path = DemoViewController.swift; sourceTree = "<group>"; };
		FA9E9A5B1FC4A6E000C57175 /* DemoMenuContentController.swift */ = {isa = PBXFileReference; fileEncoding = 4; lastKnownFileType = sourcecode.swift; path = DemoMenuContentController.swift; sourceTree = "<group>"; };
		FA9E9A5D1FC4AA4900C57175 /* CariocaMenu+Protocols.swift */ = {isa = PBXFileReference; fileEncoding = 4; lastKnownFileType = sourcecode.swift; path = "CariocaMenu+Protocols.swift"; sourceTree = "<group>"; };
		FA9E9A631FC4B6C200C57175 /* CariocaMenu+Enums.swift */ = {isa = PBXFileReference; fileEncoding = 4; lastKnownFileType = sourcecode.swift; path = "CariocaMenu+Enums.swift"; sourceTree = "<group>"; };
		FA9E9A671FC4BDFA00C57175 /* CariocaMenuContainerView.swift */ = {isa = PBXFileReference; fileEncoding = 4; lastKnownFileType = sourcecode.swift; path = CariocaMenuContainerView.swift; sourceTree = "<group>"; };
		FA9E9A6B1FC4D2F700C57175 /* CariocaMenu+Utils.swift */ = {isa = PBXFileReference; fileEncoding = 4; lastKnownFileType = sourcecode.swift; path = "CariocaMenu+Utils.swift"; sourceTree = "<group>"; };
		FAC52FFB1FD1C06C007FE0AD /* CariocaMenuItem.swift */ = {isa = PBXFileReference; fileEncoding = 4; lastKnownFileType = sourcecode.swift; path = CariocaMenuItem.swift; sourceTree = "<group>"; };
		FAC89F051FC5522900C988B6 /* CariocaGestureManager.swift */ = {isa = PBXFileReference; fileEncoding = 4; lastKnownFileType = sourcecode.swift; path = CariocaGestureManager.swift; sourceTree = "<group>"; };
		FAE31D841FCB1BC4002E793A /* CariocaGestureManagerTests.swift */ = {isa = PBXFileReference; fileEncoding = 4; lastKnownFileType = sourcecode.swift; path = CariocaGestureManagerTests.swift; sourceTree = "<group>"; };
		FAE376CC1FDC856200379953 /* CustomPolygonIndicator.swift */ = {isa = PBXFileReference; fileEncoding = 4; lastKnownFileType = sourcecode.swift; path = CustomPolygonIndicator.swift; sourceTree = "<group>"; };
		FAFF054A1FD170A2002FAB75 /* CariocaIndicatorView.swift */ = {isa = PBXFileReference; fileEncoding = 4; lastKnownFileType = sourcecode.swift; path = CariocaIndicatorView.swift; sourceTree = "<group>"; };
/* End PBXFileReference section */

/* Begin PBXFrameworksBuildPhase section */
		52D6D9781BEFF229002C0205 /* Frameworks */ = {
			isa = PBXFrameworksBuildPhase;
			buildActionMask = 2147483647;
			files = (
			);
			runOnlyForDeploymentPostprocessing = 0;
		};
		FA3F13F71FDEC1BB004814EC /* Frameworks */ = {
			isa = PBXFrameworksBuildPhase;
			buildActionMask = 2147483647;
			files = (
				FA3F13FF1FDEC1BB004814EC /* CariocaMenu.framework in Frameworks */,
			);
			runOnlyForDeploymentPostprocessing = 0;
		};
		FA9E9A411FC4A38F00C57175 /* Frameworks */ = {
			isa = PBXFrameworksBuildPhase;
			buildActionMask = 2147483647;
			files = (
			);
			runOnlyForDeploymentPostprocessing = 0;
		};
/* End PBXFrameworksBuildPhase section */

/* Begin PBXGroup section */
		52D6D9721BEFF229002C0205 = {
			isa = PBXGroup;
			children = (
				8933C7811EB5B7E0000D00A4 /* Sources */,
				8933C7831EB5B7EB000D00A4 /* Tests */,
				52D6D99C1BEFF38C002C0205 /* Configs */,
				FA9E9A451FC4A38F00C57175 /* CariocaMenuDemo */,
				FA3F13FB1FDEC1BB004814EC /* CariocaMenuTests */,
				52D6D97D1BEFF229002C0205 /* Products */,
			);
			sourceTree = "<group>";
		};
		52D6D97D1BEFF229002C0205 /* Products */ = {
			isa = PBXGroup;
			children = (
				52D6D97C1BEFF229002C0205 /* CariocaMenu.framework */,
				FA9E9A441FC4A38F00C57175 /* CariocaMenuDemo.app */,
				FA3F13FA1FDEC1BB004814EC /* CariocaMenuTests.xctest */,
			);
			name = Products;
			sourceTree = "<group>";
		};
		52D6D99C1BEFF38C002C0205 /* Configs */ = {
			isa = PBXGroup;
			children = (
				DD7502721C68FC1B006590AF /* Frameworks */,
				DD7502731C68FC20006590AF /* Tests */,
			);
			path = Configs;
			sourceTree = "<group>";
		};
		8933C7811EB5B7E0000D00A4 /* Sources */ = {
			isa = PBXGroup;
			children = (
				8933C7841EB5B820000D00A4 /* CariocaMenu.swift */,
				FA9E9A631FC4B6C200C57175 /* CariocaMenu+Enums.swift */,
				FA9E9A5D1FC4AA4900C57175 /* CariocaMenu+Protocols.swift */,
				FA9E9A6B1FC4D2F700C57175 /* CariocaMenu+Utils.swift */,
				FA9E9A671FC4BDFA00C57175 /* CariocaMenuContainerView.swift */,
				FAC89F051FC5522900C988B6 /* CariocaGestureManager.swift */,
				FA150C161FD8163B001D1D39 /* CariocaIcon.swift */,
				FAFF054A1FD170A2002FAB75 /* CariocaIndicatorView.swift */,
				FA89D5C41FDD577900404DE6 /* CariocaIndicatorConfiguration.swift */,
				FAC52FFB1FD1C06C007FE0AD /* CariocaMenuItem.swift */,
			);
			path = Sources;
			sourceTree = "<group>";
		};
		8933C7831EB5B7EB000D00A4 /* Tests */ = {
			isa = PBXGroup;
			children = (
				FAE31D841FCB1BC4002E793A /* CariocaGestureManagerTests.swift */,
				FA89D5C21FDD3EB000404DE6 /* CariocaIndicatorViewTests.swift */,
			);
			name = Tests;
			path = Tests/CariocaMenuTests;
			sourceTree = "<group>";
		};
		DD7502721C68FC1B006590AF /* Frameworks */ = {
			isa = PBXGroup;
			children = (
				AD2FAA261CD0B6D800659CF4 /* CariocaMenu.plist */,
			);
			name = Frameworks;
			sourceTree = "<group>";
		};
		DD7502731C68FC20006590AF /* Tests */ = {
			isa = PBXGroup;
			children = (
				AD2FAA281CD0B6E100659CF4 /* CariocaMenuTests.plist */,
			);
			name = Tests;
			sourceTree = "<group>";
		};
		FA1C2A401FDC683E001326CD /* external */ = {
			isa = PBXGroup;
			children = (
				FA1C2A411FDC683E001326CD /* ASGradientView.swift */,
			);
			path = external;
			sourceTree = "<group>";
		};
		FA3F13FB1FDEC1BB004814EC /* CariocaMenuTests */ = {
			isa = PBXGroup;
			children = (
				FA3F13FC1FDEC1BB004814EC /* CariocaMenuTests.swift */,
				FA3F13FE1FDEC1BB004814EC /* Info.plist */,
			);
			path = CariocaMenuTests;
			sourceTree = "<group>";
		};
		FA9E9A451FC4A38F00C57175 /* CariocaMenuDemo */ = {
			isa = PBXGroup;
			children = (
				FA9E9A461FC4A38F00C57175 /* AppDelegate.swift */,
				FA9E9A5B1FC4A6E000C57175 /* DemoMenuContentController.swift */,
				FA9E9A591FC4A6D700C57175 /* DemoViewController.swift */,
				FAE376CC1FDC856200379953 /* CustomPolygonIndicator.swift */,
				FA9E9A4A1FC4A38F00C57175 /* Main.storyboard */,
				FA9E9A4D1FC4A38F00C57175 /* Assets.xcassets */,
				FA9E9A4F1FC4A38F00C57175 /* LaunchScreen.storyboard */,
				FA1C2A401FDC683E001326CD /* external */,
				FA9E9A521FC4A38F00C57175 /* Info.plist */,
			);
			path = CariocaMenuDemo;
			sourceTree = "<group>";
		};
/* End PBXGroup section */

/* Begin PBXHeadersBuildPhase section */
		52D6D9791BEFF229002C0205 /* Headers */ = {
			isa = PBXHeadersBuildPhase;
			buildActionMask = 2147483647;
			files = (
			);
			runOnlyForDeploymentPostprocessing = 0;
		};
/* End PBXHeadersBuildPhase section */

/* Begin PBXNativeTarget section */
		52D6D97B1BEFF229002C0205 /* CariocaMenu-iOS */ = {
			isa = PBXNativeTarget;
			buildConfigurationList = 52D6D9901BEFF229002C0205 /* Build configuration list for PBXNativeTarget "CariocaMenu-iOS" */;
			buildPhases = (
				52D6D9771BEFF229002C0205 /* Sources */,
				52D6D9781BEFF229002C0205 /* Frameworks */,
				52D6D9791BEFF229002C0205 /* Headers */,
				52D6D97A1BEFF229002C0205 /* Resources */,
			);
			buildRules = (
			);
			dependencies = (
			);
			name = "CariocaMenu-iOS";
			productName = CariocaMenu;
			productReference = 52D6D97C1BEFF229002C0205 /* CariocaMenu.framework */;
			productType = "com.apple.product-type.framework";
		};
		FA3F13F91FDEC1BB004814EC /* CariocaMenuTests */ = {
			isa = PBXNativeTarget;
			buildConfigurationList = FA3F14021FDEC1BB004814EC /* Build configuration list for PBXNativeTarget "CariocaMenuTests" */;
			buildPhases = (
				FA3F13F61FDEC1BB004814EC /* Sources */,
				FA3F13F71FDEC1BB004814EC /* Frameworks */,
				FA3F13F81FDEC1BB004814EC /* Resources */,
			);
			buildRules = (
			);
			dependencies = (
				FA3F14011FDEC1BB004814EC /* PBXTargetDependency */,
			);
			name = CariocaMenuTests;
			productName = CariocaMenuTests;
			productReference = FA3F13FA1FDEC1BB004814EC /* CariocaMenuTests.xctest */;
			productType = "com.apple.product-type.bundle.unit-test";
		};
		FA9E9A431FC4A38F00C57175 /* CariocaMenuDemo */ = {
			isa = PBXNativeTarget;
			buildConfigurationList = FA9E9A531FC4A38F00C57175 /* Build configuration list for PBXNativeTarget "CariocaMenuDemo" */;
			buildPhases = (
				FA9E9A401FC4A38F00C57175 /* Sources */,
				FA9E9A411FC4A38F00C57175 /* Frameworks */,
				FA9E9A421FC4A38F00C57175 /* Resources */,
				FA9E9A561FC4A3D000C57175 /* ShellScript */,
			);
			buildRules = (
			);
			dependencies = (
			);
			name = CariocaMenuDemo;
			productName = CariocaMenuDemo;
			productReference = FA9E9A441FC4A38F00C57175 /* CariocaMenuDemo.app */;
			productType = "com.apple.product-type.application";
		};
/* End PBXNativeTarget section */

/* Begin PBXProject section */
		52D6D9731BEFF229002C0205 /* Project object */ = {
			isa = PBXProject;
			attributes = {
				LastSwiftUpdateCheck = 0920;
				LastUpgradeCheck = 0900;
				ORGANIZATIONNAME = CariocaMenu;
				TargetAttributes = {
					52D6D97B1BEFF229002C0205 = {
						CreatedOnToolsVersion = 7.1;
						LastSwiftMigration = 0800;
					};
					FA3F13F91FDEC1BB004814EC = {
						CreatedOnToolsVersion = 9.2;
						DevelopmentTeam = NYMPRW2HUE;
						ProvisioningStyle = Automatic;
					};
					FA9E9A431FC4A38F00C57175 = {
						CreatedOnToolsVersion = 9.2;
						DevelopmentTeam = NYMPRW2HUE;
						ProvisioningStyle = Automatic;
					};
				};
			};
			buildConfigurationList = 52D6D9761BEFF229002C0205 /* Build configuration list for PBXProject "CariocaMenu" */;
			compatibilityVersion = "Xcode 6.3";
			developmentRegion = English;
			hasScannedForEncodings = 0;
			knownRegions = (
				en,
				Base,
			);
			mainGroup = 52D6D9721BEFF229002C0205;
			productRefGroup = 52D6D97D1BEFF229002C0205 /* Products */;
			projectDirPath = "";
			projectRoot = "";
			targets = (
				52D6D97B1BEFF229002C0205 /* CariocaMenu-iOS */,
				FA9E9A431FC4A38F00C57175 /* CariocaMenuDemo */,
				FA3F13F91FDEC1BB004814EC /* CariocaMenuTests */,
			);
		};
/* End PBXProject section */

/* Begin PBXResourcesBuildPhase section */
		52D6D97A1BEFF229002C0205 /* Resources */ = {
			isa = PBXResourcesBuildPhase;
			buildActionMask = 2147483647;
			files = (
			);
			runOnlyForDeploymentPostprocessing = 0;
		};
		FA3F13F81FDEC1BB004814EC /* Resources */ = {
			isa = PBXResourcesBuildPhase;
			buildActionMask = 2147483647;
			files = (
			);
			runOnlyForDeploymentPostprocessing = 0;
		};
		FA9E9A421FC4A38F00C57175 /* Resources */ = {
			isa = PBXResourcesBuildPhase;
			buildActionMask = 2147483647;
			files = (
				FA9E9A511FC4A38F00C57175 /* LaunchScreen.storyboard in Resources */,
				FA9E9A4E1FC4A38F00C57175 /* Assets.xcassets in Resources */,
				FA9E9A4C1FC4A38F00C57175 /* Main.storyboard in Resources */,
			);
			runOnlyForDeploymentPostprocessing = 0;
		};
/* End PBXResourcesBuildPhase section */

/* Begin PBXShellScriptBuildPhase section */
		FA9E9A561FC4A3D000C57175 /* ShellScript */ = {
			isa = PBXShellScriptBuildPhase;
			buildActionMask = 2147483647;
			files = (
			);
			inputPaths = (
			);
			outputPaths = (
			);
			runOnlyForDeploymentPostprocessing = 0;
			shellPath = /bin/sh;
			shellScript = "if which swiftlint >/dev/null; then\nswiftlint\nelse\necho \"warning: SwiftLint not installed, download from https://github.com/realm/SwiftLint\"\nfi";
		};
/* End PBXShellScriptBuildPhase section */

/* Begin PBXSourcesBuildPhase section */
		52D6D9771BEFF229002C0205 /* Sources */ = {
			isa = PBXSourcesBuildPhase;
			buildActionMask = 2147483647;
			files = (
				8933C7851EB5B820000D00A4 /* CariocaMenu.swift in Sources */,
				FA9E9A641FC4B6C200C57175 /* CariocaMenu+Enums.swift in Sources */,
				FAC89F061FC5522A00C988B6 /* CariocaGestureManager.swift in Sources */,
				FA9E9A681FC4BDFA00C57175 /* CariocaMenuContainerView.swift in Sources */,
				FAFF054B1FD170A2002FAB75 /* CariocaIndicatorView.swift in Sources */,
				FA9E9A5E1FC4AA4900C57175 /* CariocaMenu+Protocols.swift in Sources */,
				FAC52FFC1FD1C06C007FE0AD /* CariocaMenuItem.swift in Sources */,
				FA89D5C51FDD577900404DE6 /* CariocaIndicatorConfiguration.swift in Sources */,
				FA9E9A6C1FC4D2F700C57175 /* CariocaMenu+Utils.swift in Sources */,
				FA150C171FD8163B001D1D39 /* CariocaIcon.swift in Sources */,
			);
			runOnlyForDeploymentPostprocessing = 0;
		};
		FA3F13F61FDEC1BB004814EC /* Sources */ = {
			isa = PBXSourcesBuildPhase;
			buildActionMask = 2147483647;
			files = (
				FA3F14051FDEC1FA004814EC /* CariocaGestureManagerTests.swift in Sources */,
				FA3F14081FDEC207004814EC /* CariocaMenu+Enums.swift in Sources */,
				FA3F140E1FDEC207004814EC /* CariocaIndicatorView.swift in Sources */,
				FA3F140A1FDEC207004814EC /* CariocaMenu+Utils.swift in Sources */,
				FA3F13FD1FDEC1BB004814EC /* CariocaMenuTests.swift in Sources */,
				FA3F140C1FDEC207004814EC /* CariocaGestureManager.swift in Sources */,
				FA3F14061FDEC1FA004814EC /* CariocaIndicatorViewTests.swift in Sources */,
				FA3F14101FDEC207004814EC /* CariocaMenuItem.swift in Sources */,
				FA3F14071FDEC207004814EC /* CariocaMenu.swift in Sources */,
				FA3F140B1FDEC207004814EC /* CariocaMenuContainerView.swift in Sources */,
				FA3F140F1FDEC207004814EC /* CariocaIndicatorConfiguration.swift in Sources */,
				FA3F14091FDEC207004814EC /* CariocaMenu+Protocols.swift in Sources */,
				FA3F140D1FDEC207004814EC /* CariocaIcon.swift in Sources */,
			);
			runOnlyForDeploymentPostprocessing = 0;
		};
		FA9E9A401FC4A38F00C57175 /* Sources */ = {
			isa = PBXSourcesBuildPhase;
			buildActionMask = 2147483647;
			files = (
				FA9E9A5C1FC4A6E100C57175 /* DemoMenuContentController.swift in Sources */,
				FAE376CD1FDC856200379953 /* CustomPolygonIndicator.swift in Sources */,
				FA1C2A421FDC683E001326CD /* ASGradientView.swift in Sources */,
				FA9E9A6A1FC4BDFA00C57175 /* CariocaMenuContainerView.swift in Sources */,
				FAC89F081FC5522A00C988B6 /* CariocaGestureManager.swift in Sources */,
				FA150C191FD8163B001D1D39 /* CariocaIcon.swift in Sources */,
				FA9E9A601FC4AA4900C57175 /* CariocaMenu+Protocols.swift in Sources */,
				FA9E9A471FC4A38F00C57175 /* AppDelegate.swift in Sources */,
				FA9E9A611FC4ACDB00C57175 /* CariocaMenu.swift in Sources */,
				FA9E9A6E1FC4D2F700C57175 /* CariocaMenu+Utils.swift in Sources */,
				FA9E9A661FC4B6C200C57175 /* CariocaMenu+Enums.swift in Sources */,
				FAFF054C1FD176AF002FAB75 /* CariocaIndicatorView.swift in Sources */,
				FA89D5C71FDD577900404DE6 /* CariocaIndicatorConfiguration.swift in Sources */,
				FAC52FFE1FD1C06C007FE0AD /* CariocaMenuItem.swift in Sources */,
				FA9E9A5A1FC4A6D700C57175 /* DemoViewController.swift in Sources */,
			);
			runOnlyForDeploymentPostprocessing = 0;
		};
/* End PBXSourcesBuildPhase section */

/* Begin PBXTargetDependency section */
		FA3F14011FDEC1BB004814EC /* PBXTargetDependency */ = {
			isa = PBXTargetDependency;
			target = 52D6D97B1BEFF229002C0205 /* CariocaMenu-iOS */;
			targetProxy = FA3F14001FDEC1BB004814EC /* PBXContainerItemProxy */;
		};
/* End PBXTargetDependency section */

/* Begin PBXVariantGroup section */
		FA9E9A4A1FC4A38F00C57175 /* Main.storyboard */ = {
			isa = PBXVariantGroup;
			children = (
				FA9E9A4B1FC4A38F00C57175 /* Base */,
			);
			name = Main.storyboard;
			sourceTree = "<group>";
		};
		FA9E9A4F1FC4A38F00C57175 /* LaunchScreen.storyboard */ = {
			isa = PBXVariantGroup;
			children = (
				FA9E9A501FC4A38F00C57175 /* Base */,
			);
			name = LaunchScreen.storyboard;
			sourceTree = "<group>";
		};
/* End PBXVariantGroup section */

/* Begin XCBuildConfiguration section */
		52D6D98E1BEFF229002C0205 /* Debug */ = {
			isa = XCBuildConfiguration;
			buildSettings = {
				ALWAYS_SEARCH_USER_PATHS = NO;
				CLANG_CXX_LANGUAGE_STANDARD = "gnu++0x";
				CLANG_CXX_LIBRARY = "libc++";
				CLANG_ENABLE_MODULES = YES;
				CLANG_ENABLE_OBJC_ARC = YES;
				CLANG_WARN_BLOCK_CAPTURE_AUTORELEASING = YES;
				CLANG_WARN_BOOL_CONVERSION = YES;
				CLANG_WARN_COMMA = YES;
				CLANG_WARN_CONSTANT_CONVERSION = YES;
				CLANG_WARN_DIRECT_OBJC_ISA_USAGE = YES_ERROR;
				CLANG_WARN_EMPTY_BODY = YES;
				CLANG_WARN_ENUM_CONVERSION = YES;
				CLANG_WARN_INFINITE_RECURSION = YES;
				CLANG_WARN_INT_CONVERSION = YES;
				CLANG_WARN_NON_LITERAL_NULL_CONVERSION = YES;
				CLANG_WARN_OBJC_LITERAL_CONVERSION = YES;
				CLANG_WARN_OBJC_ROOT_CLASS = YES_ERROR;
				CLANG_WARN_RANGE_LOOP_ANALYSIS = YES;
				CLANG_WARN_STRICT_PROTOTYPES = YES;
				CLANG_WARN_SUSPICIOUS_MOVE = YES;
				CLANG_WARN_UNREACHABLE_CODE = YES;
				CLANG_WARN__DUPLICATE_METHOD_MATCH = YES;
				"CODE_SIGN_IDENTITY[sdk=iphoneos*]" = "iPhone Developer";
				COPY_PHASE_STRIP = NO;
				CURRENT_PROJECT_VERSION = 1;
				DEBUG_INFORMATION_FORMAT = dwarf;
				ENABLE_STRICT_OBJC_MSGSEND = YES;
				ENABLE_TESTABILITY = YES;
				GCC_C_LANGUAGE_STANDARD = gnu99;
				GCC_DYNAMIC_NO_PIC = NO;
				GCC_NO_COMMON_BLOCKS = YES;
				GCC_OPTIMIZATION_LEVEL = 0;
				GCC_PREPROCESSOR_DEFINITIONS = (
					"DEBUG=1",
					"$(inherited)",
				);
				GCC_WARN_64_TO_32_BIT_CONVERSION = YES;
				GCC_WARN_ABOUT_RETURN_TYPE = YES_ERROR;
				GCC_WARN_UNDECLARED_SELECTOR = YES;
				GCC_WARN_UNINITIALIZED_AUTOS = YES_AGGRESSIVE;
				GCC_WARN_UNUSED_FUNCTION = YES;
				GCC_WARN_UNUSED_VARIABLE = YES;
				IPHONEOS_DEPLOYMENT_TARGET = 8.0;
				MTL_ENABLE_DEBUG_INFO = YES;
				ONLY_ACTIVE_ARCH = YES;
				SDKROOT = iphoneos;
				SWIFT_OPTIMIZATION_LEVEL = "-Onone";
				SWIFT_VERSION = 4.0;
				TARGETED_DEVICE_FAMILY = "1,2";
				VERSIONING_SYSTEM = "apple-generic";
				VERSION_INFO_PREFIX = "";
			};
			name = Debug;
		};
		52D6D98F1BEFF229002C0205 /* Release */ = {
			isa = XCBuildConfiguration;
			buildSettings = {
				ALWAYS_SEARCH_USER_PATHS = NO;
				CLANG_CXX_LANGUAGE_STANDARD = "gnu++0x";
				CLANG_CXX_LIBRARY = "libc++";
				CLANG_ENABLE_MODULES = YES;
				CLANG_ENABLE_OBJC_ARC = YES;
				CLANG_WARN_BLOCK_CAPTURE_AUTORELEASING = YES;
				CLANG_WARN_BOOL_CONVERSION = YES;
				CLANG_WARN_COMMA = YES;
				CLANG_WARN_CONSTANT_CONVERSION = YES;
				CLANG_WARN_DIRECT_OBJC_ISA_USAGE = YES_ERROR;
				CLANG_WARN_EMPTY_BODY = YES;
				CLANG_WARN_ENUM_CONVERSION = YES;
				CLANG_WARN_INFINITE_RECURSION = YES;
				CLANG_WARN_INT_CONVERSION = YES;
				CLANG_WARN_NON_LITERAL_NULL_CONVERSION = YES;
				CLANG_WARN_OBJC_LITERAL_CONVERSION = YES;
				CLANG_WARN_OBJC_ROOT_CLASS = YES_ERROR;
				CLANG_WARN_RANGE_LOOP_ANALYSIS = YES;
				CLANG_WARN_STRICT_PROTOTYPES = YES;
				CLANG_WARN_SUSPICIOUS_MOVE = YES;
				CLANG_WARN_UNREACHABLE_CODE = YES;
				CLANG_WARN__DUPLICATE_METHOD_MATCH = YES;
				"CODE_SIGN_IDENTITY[sdk=iphoneos*]" = "iPhone Developer";
				COPY_PHASE_STRIP = NO;
				CURRENT_PROJECT_VERSION = 1;
				DEBUG_INFORMATION_FORMAT = "dwarf-with-dsym";
				ENABLE_NS_ASSERTIONS = NO;
				ENABLE_STRICT_OBJC_MSGSEND = YES;
				GCC_C_LANGUAGE_STANDARD = gnu99;
				GCC_NO_COMMON_BLOCKS = YES;
				GCC_WARN_64_TO_32_BIT_CONVERSION = YES;
				GCC_WARN_ABOUT_RETURN_TYPE = YES_ERROR;
				GCC_WARN_UNDECLARED_SELECTOR = YES;
				GCC_WARN_UNINITIALIZED_AUTOS = YES_AGGRESSIVE;
				GCC_WARN_UNUSED_FUNCTION = YES;
				GCC_WARN_UNUSED_VARIABLE = YES;
				IPHONEOS_DEPLOYMENT_TARGET = 8.0;
				MTL_ENABLE_DEBUG_INFO = NO;
				SDKROOT = iphoneos;
				SWIFT_VERSION = 4.0;
				TARGETED_DEVICE_FAMILY = "1,2";
				VALIDATE_PRODUCT = YES;
				VERSIONING_SYSTEM = "apple-generic";
				VERSION_INFO_PREFIX = "";
			};
			name = Release;
		};
		52D6D9911BEFF229002C0205 /* Debug */ = {
			isa = XCBuildConfiguration;
			buildSettings = {
				APPLICATION_EXTENSION_API_ONLY = NO;
				CLANG_ENABLE_MODULES = YES;
				"CODE_SIGN_IDENTITY[sdk=iphoneos*]" = "";
				DEFINES_MODULE = YES;
				DYLIB_COMPATIBILITY_VERSION = 1;
				DYLIB_CURRENT_VERSION = 1;
				DYLIB_INSTALL_NAME_BASE = "@rpath";
				INFOPLIST_FILE = Configs/CariocaMenu.plist;
				INSTALL_PATH = "$(LOCAL_LIBRARY_DIR)/Frameworks";
				IPHONEOS_DEPLOYMENT_TARGET = 9.0;
				LD_RUNPATH_SEARCH_PATHS = "$(inherited) @executable_path/Frameworks @loader_path/Frameworks";
				ONLY_ACTIVE_ARCH = NO;
				PRODUCT_BUNDLE_IDENTIFIER = "com.CariocaMenu.CariocaMenu-iOS";
				PRODUCT_NAME = CariocaMenu;
				SKIP_INSTALL = YES;
				SWIFT_OPTIMIZATION_LEVEL = "-Onone";
				SWIFT_VERSION = 4.0;
			};
			name = Debug;
		};
		52D6D9921BEFF229002C0205 /* Release */ = {
			isa = XCBuildConfiguration;
			buildSettings = {
				APPLICATION_EXTENSION_API_ONLY = NO;
				CLANG_ENABLE_MODULES = YES;
				"CODE_SIGN_IDENTITY[sdk=iphoneos*]" = "";
				DEFINES_MODULE = YES;
				DYLIB_COMPATIBILITY_VERSION = 1;
				DYLIB_CURRENT_VERSION = 1;
				DYLIB_INSTALL_NAME_BASE = "@rpath";
				INFOPLIST_FILE = Configs/CariocaMenu.plist;
				INSTALL_PATH = "$(LOCAL_LIBRARY_DIR)/Frameworks";
				IPHONEOS_DEPLOYMENT_TARGET = 9.0;
				LD_RUNPATH_SEARCH_PATHS = "$(inherited) @executable_path/Frameworks @loader_path/Frameworks";
				PRODUCT_BUNDLE_IDENTIFIER = "com.CariocaMenu.CariocaMenu-iOS";
				PRODUCT_NAME = CariocaMenu;
				SKIP_INSTALL = YES;
				SWIFT_OPTIMIZATION_LEVEL = "-Owholemodule";
				SWIFT_VERSION = 4.0;
			};
			name = Release;
		};
		FA3F14031FDEC1BB004814EC /* Debug */ = {
			isa = XCBuildConfiguration;
			buildSettings = {
				CLANG_ANALYZER_NONNULL = YES;
				CLANG_ANALYZER_NUMBER_OBJECT_CONVERSION = YES_AGGRESSIVE;
				CLANG_CXX_LANGUAGE_STANDARD = "gnu++14";
				CLANG_WARN_DOCUMENTATION_COMMENTS = YES;
				CLANG_WARN_UNGUARDED_AVAILABILITY = YES_AGGRESSIVE;
				CODE_SIGN_IDENTITY = "iPhone Developer";
				CODE_SIGN_STYLE = Automatic;
				DEVELOPMENT_TEAM = NYMPRW2HUE;
				GCC_C_LANGUAGE_STANDARD = gnu11;
				INFOPLIST_FILE = CariocaMenuTests/Info.plist;
				IPHONEOS_DEPLOYMENT_TARGET = 11.2;
				LD_RUNPATH_SEARCH_PATHS = "$(inherited) @executable_path/Frameworks @loader_path/Frameworks";
				PRODUCT_BUNDLE_IDENTIFIER = mmommommomo.CariocaMenuTests;
				PRODUCT_NAME = "$(TARGET_NAME)";
				SWIFT_ACTIVE_COMPILATION_CONDITIONS = DEBUG;
				SWIFT_VERSION = 4.0;
				TARGETED_DEVICE_FAMILY = "1,2";
			};
			name = Debug;
		};
		FA3F14041FDEC1BB004814EC /* Release */ = {
			isa = XCBuildConfiguration;
			buildSettings = {
				CLANG_ANALYZER_NONNULL = YES;
				CLANG_ANALYZER_NUMBER_OBJECT_CONVERSION = YES_AGGRESSIVE;
				CLANG_CXX_LANGUAGE_STANDARD = "gnu++14";
				CLANG_WARN_DOCUMENTATION_COMMENTS = YES;
				CLANG_WARN_UNGUARDED_AVAILABILITY = YES_AGGRESSIVE;
				CODE_SIGN_IDENTITY = "iPhone Developer";
				CODE_SIGN_STYLE = Automatic;
				DEVELOPMENT_TEAM = NYMPRW2HUE;
				GCC_C_LANGUAGE_STANDARD = gnu11;
				INFOPLIST_FILE = CariocaMenuTests/Info.plist;
				IPHONEOS_DEPLOYMENT_TARGET = 11.2;
				LD_RUNPATH_SEARCH_PATHS = "$(inherited) @executable_path/Frameworks @loader_path/Frameworks";
				PRODUCT_BUNDLE_IDENTIFIER = mmommommomo.CariocaMenuTests;
				PRODUCT_NAME = "$(TARGET_NAME)";
				SWIFT_OPTIMIZATION_LEVEL = "-Owholemodule";
				SWIFT_VERSION = 4.0;
				TARGETED_DEVICE_FAMILY = "1,2";
			};
			name = Release;
		};
		FA9E9A541FC4A38F00C57175 /* Debug */ = {
			isa = XCBuildConfiguration;
			buildSettings = {
				ASSETCATALOG_COMPILER_APPICON_NAME = AppIcon;
				CLANG_ANALYZER_NONNULL = YES;
				CLANG_ANALYZER_NUMBER_OBJECT_CONVERSION = YES_AGGRESSIVE;
				CLANG_CXX_LANGUAGE_STANDARD = "gnu++14";
				CLANG_WARN_DOCUMENTATION_COMMENTS = YES;
				CLANG_WARN_UNGUARDED_AVAILABILITY = YES_AGGRESSIVE;
				CODE_SIGN_IDENTITY = "iPhone Developer";
				CODE_SIGN_STYLE = Automatic;
				DEVELOPMENT_TEAM = NYMPRW2HUE;
				GCC_C_LANGUAGE_STANDARD = gnu11;
				INFOPLIST_FILE = CariocaMenuDemo/Info.plist;
				IPHONEOS_DEPLOYMENT_TARGET = 9.0;
				LD_RUNPATH_SEARCH_PATHS = "$(inherited) @executable_path/Frameworks";
				PRODUCT_BUNDLE_IDENTIFIER = mmommommomo.CariocaMenuDemo;
				PRODUCT_NAME = "$(TARGET_NAME)";
				SWIFT_ACTIVE_COMPILATION_CONDITIONS = DEBUG;
				SWIFT_VERSION = 4.0;
				TARGETED_DEVICE_FAMILY = "1,2";
			};
			name = Debug;
		};
		FA9E9A551FC4A38F00C57175 /* Release */ = {
			isa = XCBuildConfiguration;
			buildSettings = {
				ASSETCATALOG_COMPILER_APPICON_NAME = AppIcon;
				CLANG_ANALYZER_NONNULL = YES;
				CLANG_ANALYZER_NUMBER_OBJECT_CONVERSION = YES_AGGRESSIVE;
				CLANG_CXX_LANGUAGE_STANDARD = "gnu++14";
				CLANG_WARN_DOCUMENTATION_COMMENTS = YES;
				CLANG_WARN_UNGUARDED_AVAILABILITY = YES_AGGRESSIVE;
				CODE_SIGN_IDENTITY = "iPhone Developer";
				CODE_SIGN_STYLE = Automatic;
				DEVELOPMENT_TEAM = NYMPRW2HUE;
				GCC_C_LANGUAGE_STANDARD = gnu11;
				INFOPLIST_FILE = CariocaMenuDemo/Info.plist;
				IPHONEOS_DEPLOYMENT_TARGET = 9.0;
				LD_RUNPATH_SEARCH_PATHS = "$(inherited) @executable_path/Frameworks";
				PRODUCT_BUNDLE_IDENTIFIER = mmommommomo.CariocaMenuDemo;
				PRODUCT_NAME = "$(TARGET_NAME)";
				SWIFT_OPTIMIZATION_LEVEL = "-Owholemodule";
				SWIFT_VERSION = 4.0;
				TARGETED_DEVICE_FAMILY = "1,2";
			};
			name = Release;
		};
/* End XCBuildConfiguration section */

/* Begin XCConfigurationList section */
		52D6D9761BEFF229002C0205 /* Build configuration list for PBXProject "CariocaMenu" */ = {
			isa = XCConfigurationList;
			buildConfigurations = (
				52D6D98E1BEFF229002C0205 /* Debug */,
				52D6D98F1BEFF229002C0205 /* Release */,
			);
			defaultConfigurationIsVisible = 0;
			defaultConfigurationName = Release;
		};
		52D6D9901BEFF229002C0205 /* Build configuration list for PBXNativeTarget "CariocaMenu-iOS" */ = {
			isa = XCConfigurationList;
			buildConfigurations = (
				52D6D9911BEFF229002C0205 /* Debug */,
				52D6D9921BEFF229002C0205 /* Release */,
			);
			defaultConfigurationIsVisible = 0;
			defaultConfigurationName = Release;
		};
		FA3F14021FDEC1BB004814EC /* Build configuration list for PBXNativeTarget "CariocaMenuTests" */ = {
			isa = XCConfigurationList;
			buildConfigurations = (
				FA3F14031FDEC1BB004814EC /* Debug */,
				FA3F14041FDEC1BB004814EC /* Release */,
			);
			defaultConfigurationIsVisible = 0;
			defaultConfigurationName = Release;
		};
		FA9E9A531FC4A38F00C57175 /* Build configuration list for PBXNativeTarget "CariocaMenuDemo" */ = {
			isa = XCConfigurationList;
			buildConfigurations = (
				FA9E9A541FC4A38F00C57175 /* Debug */,
				FA9E9A551FC4A38F00C57175 /* Release */,
			);
			defaultConfigurationIsVisible = 0;
			defaultConfigurationName = Release;
		};
/* End XCConfigurationList section */
	};
	rootObject = 52D6D9731BEFF229002C0205 /* Project object */;
}
